
Microsoft Visual Studio Solution File, Format Version 12.00
# Visual Studio Version 16
VisualStudioVersion = 16.0.29911.84
MinimumVisualStudioVersion = 10.0.40219.1
Project("{FAE04EC0-301F-11D3-BF4B-00C04F79EFBC}") = "ESB", "ESB\ESB.csproj", "{759B8760-719B-423B-BB4F-DB024E6C74DF}"
EndProject
Project("{FAE04EC0-301F-11D3-BF4B-00C04F79EFBC}") = "ESBLocalTest", "ESBLocalTest\ESBLocalTest.csproj", "{8F6A3F5E-3819-4AAC-B990-48BBC59674CD}"
EndProject
Project("{FAE04EC0-301F-11D3-BF4B-00C04F79EFBC}") = "ESBLocalServiceTest", "ESBLocalServiceTest\ESBLocalServiceTest.csproj", "{CCBF68D9-9FC0-41B8-B8D7-353E9A627FBC}"
EndProject
Project("{FAE04EC0-301F-11D3-BF4B-00C04F79EFBC}") = "ESBLocalService2Test", "ESBLocalService2Test\ESBLocalService2Test.csproj", "{6971E0C2-BF90-42E6-9524-322D004A35E0}"
EndProject
Project("{FAE04EC0-301F-11D3-BF4B-00C04F79EFBC}") = "ESBLocalTest2", "ESBLocalTest2\ESBLocalTest2.csproj", "{ED4D18AC-BD8F-4428-955D-7E260B3C8C6D}"
EndProject
Project("{FAE04EC0-301F-11D3-BF4B-00C04F79EFBC}") = "ConsoleApp1", "ConsoleApp1\ConsoleApp1.csproj", "{97D28CC9-A8BA-4AC7-BCFB-189B736CDAAB}"
EndProject
Project("{2150E333-8FDC-42A3-9474-1A3956D46DE8}") = "Services", "Services", "{5EF7B0F7-032D-4B48-9D82-84F555BB3CE0}"
EndProject
Project("{2150E333-8FDC-42A3-9474-1A3956D46DE8}") = "Server", "Server", "{F7A32C6F-D117-45FC-B6AF-B3518396673C}"
EndProject
Project("{2150E333-8FDC-42A3-9474-1A3956D46DE8}") = "App", "App", "{75678537-63A7-42CF-8ADD-C68912BA99F1}"
EndProject
Project("{FAE04EC0-301F-11D3-BF4B-00C04F79EFBC}") = "Ljc.Com.WebProxyService", "Ljc.Com.WebProxyService\Ljc.Com.WebProxyService.csproj", "{9886D46A-9D0B-4D26-8AF3-33E4DA05805E}"
EndProject
Project("{FAE04EC0-301F-11D3-BF4B-00C04F79EFBC}") = "HttpsServer", "HttpsServer\HttpsServer.csproj", "{DA0FEEEF-8455-4C31-AA0E-076D6F7115B0}"
EndProject
Global
	GlobalSection(SolutionConfigurationPlatforms) = preSolution
		Debug|Any CPU = Debug|Any CPU
		Debug|Mixed Platforms = Debug|Mixed Platforms
		Debug|x86 = Debug|x86
		Release|Any CPU = Release|Any CPU
		Release|Mixed Platforms = Release|Mixed Platforms
		Release|x86 = Release|x86
	EndGlobalSection
	GlobalSection(ProjectConfigurationPlatforms) = postSolution
		{759B8760-719B-423B-BB4F-DB024E6C74DF}.Debug|Any CPU.ActiveCfg = Debug|x86
		{759B8760-719B-423B-BB4F-DB024E6C74DF}.Debug|Mixed Platforms.ActiveCfg = Debug|x86
		{759B8760-719B-423B-BB4F-DB024E6C74DF}.Debug|Mixed Platforms.Build.0 = Debug|x86
		{759B8760-719B-423B-BB4F-DB024E6C74DF}.Debug|x86.ActiveCfg = Debug|x86
		{759B8760-719B-423B-BB4F-DB024E6C74DF}.Debug|x86.Build.0 = Debug|x86
		{759B8760-719B-423B-BB4F-DB024E6C74DF}.Release|Any CPU.ActiveCfg = Release|x86
		{759B8760-719B-423B-BB4F-DB024E6C74DF}.Release|Mixed Platforms.ActiveCfg = Release|x86
		{759B8760-719B-423B-BB4F-DB024E6C74DF}.Release|Mixed Platforms.Build.0 = Release|x86
		{759B8760-719B-423B-BB4F-DB024E6C74DF}.Release|x86.ActiveCfg = Release|x86
		{759B8760-719B-423B-BB4F-DB024E6C74DF}.Release|x86.Build.0 = Release|x86
		{8F6A3F5E-3819-4AAC-B990-48BBC59674CD}.Debug|Any CPU.ActiveCfg = Debug|Any CPU
		{8F6A3F5E-3819-4AAC-B990-48BBC59674CD}.Debug|Any CPU.Build.0 = Debug|Any CPU
		{8F6A3F5E-3819-4AAC-B990-48BBC59674CD}.Debug|Mixed Platforms.ActiveCfg = Debug|Any CPU
		{8F6A3F5E-3819-4AAC-B990-48BBC59674CD}.Debug|Mixed Platforms.Build.0 = Debug|Any CPU
		{8F6A3F5E-3819-4AAC-B990-48BBC59674CD}.Debug|x86.ActiveCfg = Debug|Any CPU
		{8F6A3F5E-3819-4AAC-B990-48BBC59674CD}.Release|Any CPU.ActiveCfg = Release|Any CPU
		{8F6A3F5E-3819-4AAC-B990-48BBC59674CD}.Release|Any CPU.Build.0 = Release|Any CPU
		{8F6A3F5E-3819-4AAC-B990-48BBC59674CD}.Release|Mixed Platforms.ActiveCfg = Release|Any CPU
		{8F6A3F5E-3819-4AAC-B990-48BBC59674CD}.Release|Mixed Platforms.Build.0 = Release|Any CPU
		{8F6A3F5E-3819-4AAC-B990-48BBC59674CD}.Release|x86.ActiveCfg = Release|Any CPU
		{CCBF68D9-9FC0-41B8-B8D7-353E9A627FBC}.Debug|Any CPU.ActiveCfg = Debug|Any CPU
		{CCBF68D9-9FC0-41B8-B8D7-353E9A627FBC}.Debug|Any CPU.Build.0 = Debug|Any CPU
		{CCBF68D9-9FC0-41B8-B8D7-353E9A627FBC}.Debug|Mixed Platforms.ActiveCfg = Debug|Any CPU
		{CCBF68D9-9FC0-41B8-B8D7-353E9A627FBC}.Debug|Mixed Platforms.Build.0 = Debug|Any CPU
		{CCBF68D9-9FC0-41B8-B8D7-353E9A627FBC}.Debug|x86.ActiveCfg = Debug|Any CPU
		{CCBF68D9-9FC0-41B8-B8D7-353E9A627FBC}.Debug|x86.Build.0 = Debug|Any CPU
		{CCBF68D9-9FC0-41B8-B8D7-353E9A627FBC}.Release|Any CPU.ActiveCfg = Release|Any CPU
		{CCBF68D9-9FC0-41B8-B8D7-353E9A627FBC}.Release|Any CPU.Build.0 = Release|Any CPU
		{CCBF68D9-9FC0-41B8-B8D7-353E9A627FBC}.Release|Mixed Platforms.ActiveCfg = Release|Any CPU
		{CCBF68D9-9FC0-41B8-B8D7-353E9A627FBC}.Release|Mixed Platforms.Build.0 = Release|Any CPU
		{CCBF68D9-9FC0-41B8-B8D7-353E9A627FBC}.Release|x86.ActiveCfg = Release|Any CPU
		{CCBF68D9-9FC0-41B8-B8D7-353E9A627FBC}.Release|x86.Build.0 = Release|Any CPU
		{6971E0C2-BF90-42E6-9524-322D004A35E0}.Debug|Any CPU.ActiveCfg = Debug|Any CPU
		{6971E0C2-BF90-42E6-9524-322D004A35E0}.Debug|Any CPU.Build.0 = Debug|Any CPU
		{6971E0C2-BF90-42E6-9524-322D004A35E0}.Debug|Mixed Platforms.ActiveCfg = Debug|Any CPU
		{6971E0C2-BF90-42E6-9524-322D004A35E0}.Debug|Mixed Platforms.Build.0 = Debug|Any CPU
		{6971E0C2-BF90-42E6-9524-322D004A35E0}.Debug|x86.ActiveCfg = Debug|Any CPU
		{6971E0C2-BF90-42E6-9524-322D004A35E0}.Debug|x86.Build.0 = Debug|Any CPU
		{6971E0C2-BF90-42E6-9524-322D004A35E0}.Release|Any CPU.ActiveCfg = Release|Any CPU
		{6971E0C2-BF90-42E6-9524-322D004A35E0}.Release|Any CPU.Build.0 = Release|Any CPU
		{6971E0C2-BF90-42E6-9524-322D004A35E0}.Release|Mixed Platforms.ActiveCfg = Release|Any CPU
		{6971E0C2-BF90-42E6-9524-322D004A35E0}.Release|Mixed Platforms.Build.0 = Release|Any CPU
		{6971E0C2-BF90-42E6-9524-322D004A35E0}.Release|x86.ActiveCfg = Release|Any CPU
		{6971E0C2-BF90-42E6-9524-322D004A35E0}.Release|x86.Build.0 = Release|Any CPU
		{ED4D18AC-BD8F-4428-955D-7E260B3C8C6D}.Debug|Any CPU.ActiveCfg = Debug|Any CPU
		{ED4D18AC-BD8F-4428-955D-7E260B3C8C6D}.Debug|Any CPU.Build.0 = Debug|Any CPU
		{ED4D18AC-BD8F-4428-955D-7E260B3C8C6D}.Debug|Mixed Platforms.ActiveCfg = Debug|Any CPU
		{ED4D18AC-BD8F-4428-955D-7E260B3C8C6D}.Debug|Mixed Platforms.Build.0 = Debug|Any CPU
		{ED4D18AC-BD8F-4428-955D-7E260B3C8C6D}.Debug|x86.ActiveCfg = Debug|Any CPU
		{ED4D18AC-BD8F-4428-955D-7E260B3C8C6D}.Debug|x86.Build.0 = Debug|Any CPU
		{ED4D18AC-BD8F-4428-955D-7E260B3C8C6D}.Release|Any CPU.ActiveCfg = Release|Any CPU
		{ED4D18AC-BD8F-4428-955D-7E260B3C8C6D}.Release|Any CPU.Build.0 = Release|Any CPU
		{ED4D18AC-BD8F-4428-955D-7E260B3C8C6D}.Release|Mixed Platforms.ActiveCfg = Release|Any CPU
		{ED4D18AC-BD8F-4428-955D-7E260B3C8C6D}.Release|Mixed Platforms.Build.0 = Release|Any CPU
		{ED4D18AC-BD8F-4428-955D-7E260B3C8C6D}.Release|x86.ActiveCfg = Release|Any CPU
		{ED4D18AC-BD8F-4428-955D-7E260B3C8C6D}.Release|x86.Build.0 = Release|Any CPU
		{97D28CC9-A8BA-4AC7-BCFB-189B736CDAAB}.Debug|Any CPU.ActiveCfg = Debug|Any CPU
		{97D28CC9-A8BA-4AC7-BCFB-189B736CDAAB}.Debug|Any CPU.Build.0 = Debug|Any CPU
		{97D28CC9-A8BA-4AC7-BCFB-189B736CDAAB}.Debug|Mixed Platforms.ActiveCfg = Debug|Any CPU
		{97D28CC9-A8BA-4AC7-BCFB-189B736CDAAB}.Debug|Mixed Platforms.Build.0 = Debug|Any CPU
		{97D28CC9-A8BA-4AC7-BCFB-189B736CDAAB}.Debug|x86.ActiveCfg = Debug|Any CPU
		{97D28CC9-A8BA-4AC7-BCFB-189B736CDAAB}.Debug|x86.Build.0 = Debug|Any CPU
		{97D28CC9-A8BA-4AC7-BCFB-189B736CDAAB}.Release|Any CPU.ActiveCfg = Release|Any CPU
		{97D28CC9-A8BA-4AC7-BCFB-189B736CDAAB}.Release|Any CPU.Build.0 = Release|Any CPU
		{97D28CC9-A8BA-4AC7-BCFB-189B736CDAAB}.Release|Mixed Platforms.ActiveCfg = Release|Any CPU
		{97D28CC9-A8BA-4AC7-BCFB-189B736CDAAB}.Release|Mixed Platforms.Build.0 = Release|Any CPU
		{97D28CC9-A8BA-4AC7-BCFB-189B736CDAAB}.Release|x86.ActiveCfg = Release|Any CPU
		{97D28CC9-A8BA-4AC7-BCFB-189B736CDAAB}.Release|x86.Build.0 = Release|Any CPU
		{9886D46A-9D0B-4D26-8AF3-33E4DA05805E}.Debug|Any CPU.ActiveCfg = Debug|Any CPU
		{9886D46A-9D0B-4D26-8AF3-33E4DA05805E}.Debug|Any CPU.Build.0 = Debug|Any CPU
		{9886D46A-9D0B-4D26-8AF3-33E4DA05805E}.Debug|Mixed Platforms.ActiveCfg = Debug|Any CPU
		{9886D46A-9D0B-4D26-8AF3-33E4DA05805E}.Debug|Mixed Platforms.Build.0 = Debug|Any CPU
		{9886D46A-9D0B-4D26-8AF3-33E4DA05805E}.Debug|x86.ActiveCfg = Debug|Any CPU
		{9886D46A-9D0B-4D26-8AF3-33E4DA05805E}.Debug|x86.Build.0 = Debug|Any CPU
		{9886D46A-9D0B-4D26-8AF3-33E4DA05805E}.Release|Any CPU.ActiveCfg = Release|Any CPU
		{9886D46A-9D0B-4D26-8AF3-33E4DA05805E}.Release|Any CPU.Build.0 = Release|Any CPU
		{9886D46A-9D0B-4D26-8AF3-33E4DA05805E}.Release|Mixed Platforms.ActiveCfg = Release|Any CPU
		{9886D46A-9D0B-4D26-8AF3-33E4DA05805E}.Release|Mixed Platforms.Build.0 = Release|Any CPU
		{9886D46A-9D0B-4D26-8AF3-33E4DA05805E}.Release|x86.ActiveCfg = Release|Any CPU
		{9886D46A-9D0B-4D26-8AF3-33E4DA05805E}.Release|x86.Build.0 = Release|Any CPU
		{DA0FEEEF-8455-4C31-AA0E-076D6F7115B0}.Debug|Any CPU.ActiveCfg = Debug|Any CPU
		{DA0FEEEF-8455-4C31-AA0E-076D6F7115B0}.Debug|Any CPU.Build.0 = Debug|Any CPU
		{DA0FEEEF-8455-4C31-AA0E-076D6F7115B0}.Debug|Mixed Platforms.ActiveCfg = Debug|Any CPU
		{DA0FEEEF-8455-4C31-AA0E-076D6F7115B0}.Debug|Mixed Platforms.Build.0 = Debug|Any CPU
		{DA0FEEEF-8455-4C31-AA0E-076D6F7115B0}.Debug|x86.ActiveCfg = Debug|Any CPU
		{DA0FEEEF-8455-4C31-AA0E-076D6F7115B0}.Debug|x86.Build.0 = Debug|Any CPU
		{DA0FEEEF-8455-4C31-AA0E-076D6F7115B0}.Release|Any CPU.ActiveCfg = Release|Any CPU
		{DA0FEEEF-8455-4C31-AA0E-076D6F7115B0}.Release|Any CPU.Build.0 = Release|Any CPU
		{DA0FEEEF-8455-4C31-AA0E-076D6F7115B0}.Release|Mixed Platforms.ActiveCfg = Release|Any CPU
		{DA0FEEEF-8455-4C31-AA0E-076D6F7115B0}.Release|Mixed Platforms.Build.0 = Release|Any CPU
		{DA0FEEEF-8455-4C31-AA0E-076D6F7115B0}.Release|x86.ActiveCfg = Release|Any CPU
		{DA0FEEEF-8455-4C31-AA0E-076D6F7115B0}.Release|x86.Build.0 = Release|Any CPU
	EndGlobalSection
	GlobalSection(SolutionProperties) = preSolution
		HideSolutionNode = FALSE
	EndGlobalSection
	GlobalSection(NestedProjects) = preSolution
		{8F6A3F5E-3819-4AAC-B990-48BBC59674CD} = {F7A32C6F-D117-45FC-B6AF-B3518396673C}
		{CCBF68D9-9FC0-41B8-B8D7-353E9A627FBC} = {5EF7B0F7-032D-4B48-9D82-84F555BB3CE0}
		{6971E0C2-BF90-42E6-9524-322D004A35E0} = {5EF7B0F7-032D-4B48-9D82-84F555BB3CE0}
		{ED4D18AC-BD8F-4428-955D-7E260B3C8C6D} = {F7A32C6F-D117-45FC-B6AF-B3518396673C}
		{97D28CC9-A8BA-4AC7-BCFB-189B736CDAAB} = {75678537-63A7-42CF-8ADD-C68912BA99F1}
		{9886D46A-9D0B-4D26-8AF3-33E4DA05805E} = {5EF7B0F7-032D-4B48-9D82-84F555BB3CE0}
		{DA0FEEEF-8455-4C31-AA0E-076D6F7115B0} = {F7A32C6F-D117-45FC-B6AF-B3518396673C}
	EndGlobalSection
	GlobalSection(ExtensibilityGlobals) = postSolution
		SolutionGuid = {900D4167-B31A-44FF-8056-C5245AC471E1}
	EndGlobalSection
EndGlobal
